// !$*UTF8*$!
{
	archiveVersion = 1;
	classes = {
	};
	objectVersion = 77;
	objects = {

/* Begin PBXBuildFile section */
		A64A9A242CDC815D008159CD /* Answer.swift in Sources */ = {isa = PBXBuildFile; fileRef = A64A9A132CDC815D008159CD /* Answer.swift */; };
		A64A9A252CDC815D008159CD /* Question.swift in Sources */ = {isa = PBXBuildFile; fileRef = A64A9A142CDC815D008159CD /* Question.swift */; };
		A64A9A262CDC815D008159CD /* AppDelegate.swift in Sources */ = {isa = PBXBuildFile; fileRef = A64A9A1D2CDC815D008159CD /* AppDelegate.swift */; };
		A64A9A272CDC815D008159CD /* SceneDelegate.swift in Sources */ = {isa = PBXBuildFile; fileRef = A64A9A1F2CDC815D008159CD /* SceneDelegate.swift */; };
		A64A9A282CDC815D008159CD /* ViewController.swift in Sources */ = {isa = PBXBuildFile; fileRef = A64A9A212CDC815D008159CD /* ViewController.swift */; };
		A64A9A292CDC815D008159CD /* Assets.xcassets in Resources */ = {isa = PBXBuildFile; fileRef = A64A9A162CDC815D008159CD /* Assets.xcassets */; };
		A64A9A2A2CDC815D008159CD /* LaunchScreen.storyboard in Resources */ = {isa = PBXBuildFile; fileRef = A64A9A192CDC815D008159CD /* LaunchScreen.storyboard */; };
		A64A9A2B2CDC815D008159CD /* Main.storyboard in Resources */ = {isa = PBXBuildFile; fileRef = A64A9A1B2CDC815D008159CD /* Main.storyboard */; };
/* End PBXBuildFile section */

/* Begin PBXFileReference section */
		A64A99D72CDC692B008159CD /* PersonalQuiz.animal.app */ = {isa = PBXFileReference; explicitFileType = wrapper.application; includeInIndex = 0; path = PersonalQuiz.animal.app; sourceTree = BUILT_PRODUCTS_DIR; };
		A64A9A132CDC815D008159CD /* Answer.swift */ = {isa = PBXFileReference; lastKnownFileType = sourcecode.swift; path = Answer.swift; sourceTree = "<group>"; };
		A64A9A142CDC815D008159CD /* Question.swift */ = {isa = PBXFileReference; lastKnownFileType = sourcecode.swift; path = Question.swift; sourceTree = "<group>"; };
		A64A9A162CDC815D008159CD /* Assets.xcassets */ = {isa = PBXFileReference; lastKnownFileType = folder.assetcatalog; path = Assets.xcassets; sourceTree = "<group>"; };
		A64A9A182CDC815D008159CD /* Base */ = {isa = PBXFileReference; lastKnownFileType = file.storyboard; name = Base; path = Base.lproj/LaunchScreen.storyboard; sourceTree = "<group>"; };
		A64A9A1A2CDC815D008159CD /* Base */ = {isa = PBXFileReference; lastKnownFileType = file.storyboard; name = Base; path = Base.lproj/Main.storyboard; sourceTree = "<group>"; };
		A64A9A1D2CDC815D008159CD /* AppDelegate.swift */ = {isa = PBXFileReference; lastKnownFileType = sourcecode.swift; path = AppDelegate.swift; sourceTree = "<group>"; };
		A64A9A1F2CDC815D008159CD /* SceneDelegate.swift */ = {isa = PBXFileReference; lastKnownFileType = sourcecode.swift; path = SceneDelegate.swift; sourceTree = "<group>"; };
		A64A9A212CDC815D008159CD /* ViewController.swift */ = {isa = PBXFileReference; lastKnownFileType = sourcecode.swift; path = ViewController.swift; sourceTree = "<group>"; };
/* End PBXFileReference section */

/* Begin PBXFrameworksBuildPhase section */
		A64A99D42CDC692B008159CD /* Frameworks */ = {
			isa = PBXFrameworksBuildPhase;
			buildActionMask = 2147483647;
			files = (
			);
			runOnlyForDeploymentPostprocessing = 0;
		};
/* End PBXFrameworksBuildPhase section */

/* Begin PBXGroup section */
		A64A99CE2CDC692B008159CD = {
			isa = PBXGroup;
			children = (
				A64A9A232CDC815D008159CD /* PersonalQuiz.animal */,
				A64A99D82CDC692B008159CD /* Products */,
			);
			sourceTree = "<group>";
		};
		A64A99D82CDC692B008159CD /* Products */ = {
			isa = PBXGroup;
			children = (
				A64A99D72CDC692B008159CD /* PersonalQuiz.animal.app */,
			);
			name = Products;
			sourceTree = "<group>";
		};
		A64A9A152CDC815D008159CD /* Models */ = {
			isa = PBXGroup;
			children = (
				A64A9A132CDC815D008159CD /* Answer.swift */,
				A64A9A142CDC815D008159CD /* Question.swift */,
			);
			path = Models;
			sourceTree = "<group>";
		};
		A64A9A172CDC815D008159CD /* Resources */ = {
			isa = PBXGroup;
			children = (
				A64A9A162CDC815D008159CD /* Assets.xcassets */,
			);
			path = Resources;
			sourceTree = "<group>";
		};
		A64A9A1C2CDC815D008159CD /* Storyboards */ = {
			isa = PBXGroup;
			children = (
				A64A9A192CDC815D008159CD /* LaunchScreen.storyboard */,
				A64A9A1B2CDC815D008159CD /* Main.storyboard */,
			);
			path = Storyboards;
			sourceTree = "<group>";
		};
		A64A9A202CDC815D008159CD /* SuppotingFiles */ = {
			isa = PBXGroup;
			children = (
				A64A9A1D2CDC815D008159CD /* AppDelegate.swift */,
				A64A9A1F2CDC815D008159CD /* SceneDelegate.swift */,
			);
			path = SuppotingFiles;
			sourceTree = "<group>";
		};
		A64A9A222CDC815D008159CD /* ViewControllers */ = {
			isa = PBXGroup;
			children = (
				A64A9A212CDC815D008159CD /* ViewController.swift */,
			);
			path = ViewControllers;
			sourceTree = "<group>";
		};
		A64A9A232CDC815D008159CD /* PersonalQuiz.animal */ = {
			isa = PBXGroup;
			children = (
				A64A9A1C2CDC815D008159CD /* Storyboards */,
				A64A9A222CDC815D008159CD /* ViewControllers */,
				A64A9A152CDC815D008159CD /* Models */,
				A64A9A172CDC815D008159CD /* Resources */,
				A64A9A202CDC815D008159CD /* SuppotingFiles */,
			);
			path = PersonalQuiz.animal;
			sourceTree = "<group>";
		};
/* End PBXGroup section */

/* Begin PBXNativeTarget section */
		A64A99D62CDC692B008159CD /* PersonalQuiz.animal */ = {
			isa = PBXNativeTarget;
			buildConfigurationList = A64A99EA2CDC692D008159CD /* Build configuration list for PBXNativeTarget "PersonalQuiz.animal" */;
			buildPhases = (
				A64A99D32CDC692B008159CD /* Sources */,
				A64A99D42CDC692B008159CD /* Frameworks */,
				A64A99D52CDC692B008159CD /* Resources */,
			);
			buildRules = (
			);
			dependencies = (
			);
			name = PersonalQuiz.animal;
			packageProductDependencies = (
			);
			productName = PersonalQuiz.animal;
			productReference = A64A99D72CDC692B008159CD /* PersonalQuiz.animal.app */;
			productType = "com.apple.product-type.application";
		};
/* End PBXNativeTarget section */

/* Begin PBXProject section */
		A64A99CF2CDC692B008159CD /* Project object */ = {
			isa = PBXProject;
			attributes = {
				BuildIndependentTargetsInParallel = 1;
				LastSwiftUpdateCheck = 1600;
				LastUpgradeCheck = 1600;
				TargetAttributes = {
					A64A99D62CDC692B008159CD = {
						CreatedOnToolsVersion = 16.0;
					};
				};
			};
			buildConfigurationList = A64A99D22CDC692B008159CD /* Build configuration list for PBXProject "PersonalQuiz.animal" */;
			developmentRegion = en;
			hasScannedForEncodings = 0;
			knownRegions = (
				en,
				Base,
			);
			mainGroup = A64A99CE2CDC692B008159CD;
			minimizedProjectReferenceProxies = 1;
			preferredProjectObjectVersion = 77;
			productRefGroup = A64A99D82CDC692B008159CD /* Products */;
			projectDirPath = "";
			projectRoot = "";
			targets = (
				A64A99D62CDC692B008159CD /* PersonalQuiz.animal */,
			);
		};
/* End PBXProject section */

/* Begin PBXResourcesBuildPhase section */
		A64A99D52CDC692B008159CD /* Resources */ = {
			isa = PBXResourcesBuildPhase;
			buildActionMask = 2147483647;
			files = (
				A64A9A292CDC815D008159CD /* Assets.xcassets in Resources */,
				A64A9A2A2CDC815D008159CD /* LaunchScreen.storyboard in Resources */,
				A64A9A2B2CDC815D008159CD /* Main.storyboard in Resources */,
			);
			runOnlyForDeploymentPostprocessing = 0;
		};
/* End PBXResourcesBuildPhase section */

/* Begin PBXSourcesBuildPhase section */
		A64A99D32CDC692B008159CD /* Sources */ = {
			isa = PBXSourcesBuildPhase;
			buildActionMask = 2147483647;
			files = (
				A64A9A242CDC815D008159CD /* Answer.swift in Sources */,
				A64A9A252CDC815D008159CD /* Question.swift in Sources */,
				A64A9A262CDC815D008159CD /* AppDelegate.swift in Sources */,
				A64A9A272CDC815D008159CD /* SceneDelegate.swift in Sources */,
				A64A9A282CDC815D008159CD /* ViewController.swift in Sources */,
			);
			runOnlyForDeploymentPostprocessing = 0;
		};
/* End PBXSourcesBuildPhase section */

/* Begin PBXVariantGroup section */
		A64A9A192CDC815D008159CD /* LaunchScreen.storyboard */ = {
			isa = PBXVariantGroup;
			children = (
				A64A9A182CDC815D008159CD /* Base */,
			);
			name = LaunchScreen.storyboard;
			sourceTree = "<group>";
		};
		A64A9A1B2CDC815D008159CD /* Main.storyboard */ = {
			isa = PBXVariantGroup;
			children = (
				A64A9A1A2CDC815D008159CD /* Base */,
			);
			name = Main.storyboard;
			sourceTree = "<group>";
		};
/* End PBXVariantGroup section */

/* Begin XCBuildConfiguration section */
		A64A99EB2CDC692D008159CD /* Debug */ = {
			isa = XCBuildConfiguration;
			buildSettings = {
				ASSETCATALOG_COMPILER_APPICON_NAME = AppIcon;
				ASSETCATALOG_COMPILER_GLOBAL_ACCENT_COLOR_NAME = AccentColor;
				CODE_SIGN_STYLE = Automatic;
				CURRENT_PROJECT_VERSION = 1;
				GENERATE_INFOPLIST_FILE = YES;
				INFOPLIST_FILE = PersonalQuiz.animal/Info.plist;
				INFOPLIST_KEY_UIApplicationSupportsIndirectInputEvents = YES;
				INFOPLIST_KEY_UILaunchStoryboardName = LaunchScreen;
				INFOPLIST_KEY_UIMainStoryboardFile = Main;
				INFOPLIST_KEY_UISupportedInterfaceOrientations_iPad = "UIInterfaceOrientationPortrait UIInterfaceOrientationPortraitUpsideDown UIInterfaceOrientationLandscapeLeft UIInterfaceOrientationLandscapeRight";
				INFOPLIST_KEY_UISupportedInterfaceOrientations_iPhone = "UIInterfaceOrientationPortrait UIInterfaceOrientationLandscapeLeft UIInterfaceOrientationLandscapeRight";
				LD_RUNPATH_SEARCH_PATHS = (
					"$(inherited)",
					"@executable_path/Frameworks",
				);
				MARKETING_VERSION = 1.0;
				PRODUCT_BUNDLE_IDENTIFIER = "MikO.PersonalQuiz-animal";
				PRODUCT_NAME = "$(TARGET_NAME)";
				SUPPORTED_PLATFORMS = "iphoneos iphonesimulator";
				SUPPORTS_MACCATALYST = NO;
				SUPPORTS_MAC_DESIGNED_FOR_IPHONE_IPAD = NO;
				SUPPORTS_XR_DESIGNED_FOR_IPHONE_IPAD = NO;
				SWIFT_EMIT_LOC_STRINGS = YES;
				SWIFT_VERSION = 5.0;
				TARGETED_DEVICE_FAMILY = 1;
			};
			name = Debug;
		};
		A64A99EC2CDC692D008159CD /* Release */ = {
			isa = XCBuildConfiguration;
			buildSettings = {
				ASSETCATALOG_COMPILER_APPICON_NAME = AppIcon;
				ASSETCATALOG_COMPILER_GLOBAL_ACCENT_COLOR_NAME = AccentColor;
				CODE_SIGN_STYLE = Automatic;
				CURRENT_PROJECT_VERSION = 1;
				GENERATE_INFOPLIST_FILE = YES;
				INFOPLIST_FILE = PersonalQuiz.animal/Info.plist;
				INFOPLIST_KEY_UIApplicationSupportsIndirectInputEvents = YES;
				INFOPLIST_KEY_UILaunchStoryboardName = LaunchScreen;
				INFOPLIST_KEY_UIMainStoryboardFile = Main;
				INFOPLIST_KEY_UISupportedInterfaceOrientations_iPad = "UIInterfaceOrientationPortrait UIInterfaceOrientationPortraitUpsideDown UIInterfaceOrientationLandscapeLeft UIInterfaceOrientationLandscapeRight";
				INFOPLIST_KEY_UISupportedInterfaceOrientations_iPhone = "UIInterfaceOrientationPortrait UIInterfaceOrientationLandscapeLeft UIInterfaceOrientationLandscapeRight";
				LD_RUNPATH_SEARCH_PATHS = (
					"$(inherited)",
					"@executable_path/Frameworks",
				);
				MARKETING_VERSION = 1.0;
				PRODUCT_BUNDLE_IDENTIFIER = "MikO.PersonalQuiz-animal";
				PRODUCT_NAME = "$(TARGET_NAME)";
				SUPPORTED_PLATFORMS = "iphoneos iphonesimulator";
				SUPPORTS_MACCATALYST = NO;
				SUPPORTS_MAC_DESIGNED_FOR_IPHONE_IPAD = NO;
				SUPPORTS_XR_DESIGNED_FOR_IPHONE_IPAD = NO;
				SWIFT_EMIT_LOC_STRINGS = YES;
				SWIFT_VERSION = 5.0;
				TARGETED_DEVICE_FAMILY = 1;
			};
			name = Release;
		};
		A64A99ED2CDC692D008159CD /* Debug */ = {
			isa = XCBuildConfiguration;
			buildSettings = {
				ALWAYS_SEARCH_USER_PATHS = NO;
				ASSETCATALOG_COMPILER_GENERATE_SWIFT_ASSET_SYMBOL_EXTENSIONS = YES;
				CLANG_ANALYZER_NONNULL = YES;
				CLANG_ANALYZER_NUMBER_OBJECT_CONVERSION = YES_AGGRESSIVE;
				CLANG_CXX_LANGUAGE_STANDARD = "gnu++20";
				CLANG_ENABLE_MODULES = YES;
				CLANG_ENABLE_OBJC_ARC = YES;
				CLANG_ENABLE_OBJC_WEAK = YES;
				CLANG_WARN_BLOCK_CAPTURE_AUTORELEASING = YES;
				CLANG_WARN_BOOL_CONVERSION = YES;
				CLANG_WARN_COMMA = YES;
				CLANG_WARN_CONSTANT_CONVERSION = YES;
				CLANG_WARN_DEPRECATED_OBJC_IMPLEMENTATIONS = YES;
				CLANG_WARN_DIRECT_OBJC_ISA_USAGE = YES_ERROR;
				CLANG_WARN_DOCUMENTATION_COMMENTS = YES;
				CLANG_WARN_EMPTY_BODY = YES;
				CLANG_WARN_ENUM_CONVERSION = YES;
				CLANG_WARN_INFINITE_RECURSION = YES;
				CLANG_WARN_INT_CONVERSION = YES;
				CLANG_WARN_NON_LITERAL_NULL_CONVERSION = YES;
				CLANG_WARN_OBJC_IMPLICIT_RETAIN_SELF = YES;
				CLANG_WARN_OBJC_LITERAL_CONVERSION = YES;
				CLANG_WARN_OBJC_ROOT_CLASS = YES_ERROR;
				CLANG_WARN_QUOTED_INCLUDE_IN_FRAMEWORK_HEADER = YES;
				CLANG_WARN_RANGE_LOOP_ANALYSIS = YES;
				CLANG_WARN_STRICT_PROTOTYPES = YES;
				CLANG_WARN_SUSPICIOUS_MOVE = YES;
				CLANG_WARN_UNGUARDED_AVAILABILITY = YES_AGGRESSIVE;
				CLANG_WARN_UNREACHABLE_CODE = YES;
				CLANG_WARN__DUPLICATE_METHOD_MATCH = YES;
				COPY_PHASE_STRIP = NO;
				DEBUG_INFORMATION_FORMAT = dwarf;
				ENABLE_STRICT_OBJC_MSGSEND = YES;
				ENABLE_TESTABILITY = YES;
				ENABLE_USER_SCRIPT_SANDBOXING = YES;
				GCC_C_LANGUAGE_STANDARD = gnu17;
				GCC_DYNAMIC_NO_PIC = NO;
				GCC_NO_COMMON_BLOCKS = YES;
				GCC_OPTIMIZATION_LEVEL = 0;
				GCC_PREPROCESSOR_DEFINITIONS = (
					"DEBUG=1",
					"$(inherited)",
				);
				GCC_WARN_64_TO_32_BIT_CONVERSION = YES;
				GCC_WARN_ABOUT_RETURN_TYPE = YES_ERROR;
				GCC_WARN_UNDECLARED_SELECTOR = YES;
				GCC_WARN_UNINITIALIZED_AUTOS = YES_AGGRESSIVE;
				GCC_WARN_UNUSED_FUNCTION = YES;
				GCC_WARN_UNUSED_VARIABLE = YES;
				IPHONEOS_DEPLOYMENT_TARGET = 18.0;
				LOCALIZATION_PREFERS_STRING_CATALOGS = YES;
				MTL_ENABLE_DEBUG_INFO = INCLUDE_SOURCE;
				MTL_FAST_MATH = YES;
				ONLY_ACTIVE_ARCH = YES;
				SDKROOT = iphoneos;
				SWIFT_ACTIVE_COMPILATION_CONDITIONS = "DEBUG $(inherited)";
				SWIFT_OPTIMIZATION_LEVEL = "-Onone";
			};
			name = Debug;
		};
		A64A99EE2CDC692D008159CD /* Release */ = {
			isa = XCBuildConfiguration;
			buildSettings = {
				ALWAYS_SEARCH_USER_PATHS = NO;
				ASSETCATALOG_COMPILER_GENERATE_SWIFT_ASSET_SYMBOL_EXTENSIONS = YES;
				CLANG_ANALYZER_NONNULL = YES;
				CLANG_ANALYZER_NUMBER_OBJECT_CONVERSION = YES_AGGRESSIVE;
				CLANG_CXX_LANGUAGE_STANDARD = "gnu++20";
				CLANG_ENABLE_MODULES = YES;
				CLANG_ENABLE_OBJC_ARC = YES;
				CLANG_ENABLE_OBJC_WEAK = YES;
				CLANG_WARN_BLOCK_CAPTURE_AUTORELEASING = YES;
				CLANG_WARN_BOOL_CONVERSION = YES;
				CLANG_WARN_COMMA = YES;
				CLANG_WARN_CONSTANT_CONVERSION = YES;
				CLANG_WARN_DEPRECATED_OBJC_IMPLEMENTATIONS = YES;
				CLANG_WARN_DIRECT_OBJC_ISA_USAGE = YES_ERROR;
				CLANG_WARN_DOCUMENTATION_COMMENTS = YES;
				CLANG_WARN_EMPTY_BODY = YES;
				CLANG_WARN_ENUM_CONVERSION = YES;
				CLANG_WARN_INFINITE_RECURSION = YES;
				CLANG_WARN_INT_CONVERSION = YES;
				CLANG_WARN_NON_LITERAL_NULL_CONVERSION = YES;
				CLANG_WARN_OBJC_IMPLICIT_RETAIN_SELF = YES;
				CLANG_WARN_OBJC_LITERAL_CONVERSION = YES;
				CLANG_WARN_OBJC_ROOT_CLASS = YES_ERROR;
				CLANG_WARN_QUOTED_INCLUDE_IN_FRAMEWORK_HEADER = YES;
				CLANG_WARN_RANGE_LOOP_ANALYSIS = YES;
				CLANG_WARN_STRICT_PROTOTYPES = YES;
				CLANG_WARN_SUSPICIOUS_MOVE = YES;
				CLANG_WARN_UNGUARDED_AVAILABILITY = YES_AGGRESSIVE;
				CLANG_WARN_UNREACHABLE_CODE = YES;
				CLANG_WARN__DUPLICATE_METHOD_MATCH = YES;
				COPY_PHASE_STRIP = NO;
				DEBUG_INFORMATION_FORMAT = "dwarf-with-dsym";
				ENABLE_NS_ASSERTIONS = NO;
				ENABLE_STRICT_OBJC_MSGSEND = YES;
				ENABLE_USER_SCRIPT_SANDBOXING = YES;
				GCC_C_LANGUAGE_STANDARD = gnu17;
				GCC_NO_COMMON_BLOCKS = YES;
				GCC_WARN_64_TO_32_BIT_CONVERSION = YES;
				GCC_WARN_ABOUT_RETURN_TYPE = YES_ERROR;
				GCC_WARN_UNDECLARED_SELECTOR = YES;
				GCC_WARN_UNINITIALIZED_AUTOS = YES_AGGRESSIVE;
				GCC_WARN_UNUSED_FUNCTION = YES;
				GCC_WARN_UNUSED_VARIABLE = YES;
				IPHONEOS_DEPLOYMENT_TARGET = 18.0;
				LOCALIZATION_PREFERS_STRING_CATALOGS = YES;
				MTL_ENABLE_DEBUG_INFO = NO;
				MTL_FAST_MATH = YES;
				SDKROOT = iphoneos;
				SWIFT_COMPILATION_MODE = wholemodule;
				VALIDATE_PRODUCT = YES;
			};
			name = Release;
		};
/* End XCBuildConfiguration section */

/* Begin XCConfigurationList section */
		A64A99D22CDC692B008159CD /* Build configuration list for PBXProject "PersonalQuiz.animal" */ = {
			isa = XCConfigurationList;
			buildConfigurations = (
				A64A99ED2CDC692D008159CD /* Debug */,
				A64A99EE2CDC692D008159CD /* Release */,
			);
			defaultConfigurationIsVisible = 0;
			defaultConfigurationName = Release;
		};
		A64A99EA2CDC692D008159CD /* Build configuration list for PBXNativeTarget "PersonalQuiz.animal" */ = {
			isa = XCConfigurationList;
			buildConfigurations = (
				A64A99EB2CDC692D008159CD /* Debug */,
				A64A99EC2CDC692D008159CD /* Release */,
			);
			defaultConfigurationIsVisible = 0;
			defaultConfigurationName = Release;
		};
/* End XCConfigurationList section */
	};
	rootObject = A64A99CF2CDC692B008159CD /* Project object */;
}
